
Microsoft Visual Studio Solution File, Format Version 12.00
# Visual Studio Version 17
VisualStudioVersion = 17.2.32526.322
MinimumVisualStudioVersion = 10.0.40219.1
Project("{FAE04EC0-301F-11D3-BF4B-00C04F79EFBC}") = "CompanyAddressBook", "CompanyAddressBook\CompanyAddressBook.csproj", "{EDD62840-9C1F-4B2A-861C-5CB06851AFC4}"
EndProject
Global
	GlobalSection(SolutionConfigurationPlatforms) = preSolution
		Debug|Any CPU = Debug|Any CPU
		Release|Any CPU = Release|Any CPU
	EndGlobalSection
	GlobalSection(ProjectConfigurationPlatforms) = postSolution
		{EDD62840-9C1F-4B2A-861C-5CB06851AFC4}.Debug|Any CPU.ActiveCfg = Debug|Any CPU
		{EDD62840-9C1F-4B2A-861C-5CB06851AFC4}.Debug|Any CPU.Build.0 = Debug|Any CPU
		{EDD62840-9C1F-4B2A-861C-5CB06851AFC4}.Release|Any CPU.ActiveCfg = Release|Any CPU
		{EDD62840-9C1F-4B2A-861C-5CB06851AFC4}.Release|Any CPU.Build.0 = Release|Any CPU
	EndGlobalSection
	GlobalSection(SolutionProperties) = preSolution
		HideSolutionNode = FALSE
	EndGlobalSection
	GlobalSection(ExtensibilityGlobals) = postSolution
		SolutionGuid = {5DC49872-6CE2-4973-AEF9-4B695E2D3CE3}
	EndGlobalSection
EndGlobal
